
Microsoft Visual Studio Solution File, Format Version 12.00
Project("{FAE04EC0-301F-11D3-BF4B-00C04F79EFBC}") = "RosewoodControl", "RosewoodControl\RosewoodControl.csproj", "{DEDB0384-1596-4BBD-AC24-ED4D536581DF}"
EndProject
Global
	GlobalSection(SolutionConfigurationPlatforms) = preSolution
		Debug|Any CPU = Debug|Any CPU
		Release|Any CPU = Release|Any CPU
	EndGlobalSection
	GlobalSection(ProjectConfigurationPlatforms) = postSolution
		{DEDB0384-1596-4BBD-AC24-ED4D536581DF}.Debug|Any CPU.ActiveCfg = Debug|Any CPU
		{DEDB0384-1596-4BBD-AC24-ED4D536581DF}.Debug|Any CPU.Build.0 = Debug|Any CPU
		{DEDB0384-1596-4BBD-AC24-ED4D536581DF}.Release|Any CPU.ActiveCfg = Release|Any CPU
		{DEDB0384-1596-4BBD-AC24-ED4D536581DF}.Release|Any CPU.Build.0 = Release|Any CPU
	EndGlobalSection
EndGlobal
